
Microsoft Visual Studio Solution File, Format Version 12.00
# Visual Studio Version 17
VisualStudioVersion = 17.12.35521.163
MinimumVisualStudioVersion = 10.0.40219.1
Project("{FAE04EC0-301F-11D3-BF4B-00C04F79EFBC}") = "Partlyx.Core", "Partlyx.Core\Partlyx.Core.csproj", "{92D4F1F4-D77A-48A3-8165-227348C13E2E}"
EndProject
Project("{FAE04EC0-301F-11D3-BF4B-00C04F79EFBC}") = "Partlyx.Infrastructure", "Partlyx.Data\Partlyx.Infrastructure.csproj", "{6292CAE1-5A62-4EC0-B1A3-450DC1E96592}"
	ProjectSection(ProjectDependencies) = postProject
		{92D4F1F4-D77A-48A3-8165-227348C13E2E} = {92D4F1F4-D77A-48A3-8165-227348C13E2E}
	EndProjectSection
EndProject
Project("{FAE04EC0-301F-11D3-BF4B-00C04F79EFBC}") = "Partlyx.Services", "Partlyx.Services\Partlyx.Services.csproj", "{4741A7AF-F388-49B0-BF91-5B8ABF5A21CF}"
	ProjectSection(ProjectDependencies) = postProject
		{6292CAE1-5A62-4EC0-B1A3-450DC1E96592} = {6292CAE1-5A62-4EC0-B1A3-450DC1E96592}
		{92D4F1F4-D77A-48A3-8165-227348C13E2E} = {92D4F1F4-D77A-48A3-8165-227348C13E2E}
	EndProjectSection
EndProject
Project("{FAE04EC0-301F-11D3-BF4B-00C04F79EFBC}") = "Partlyx.Tests", "Partlyx.Tests\Partlyx.Tests.csproj", "{BB7D1FD9-EF53-43BB-9E9A-C768E7791CFF}"
	ProjectSection(ProjectDependencies) = postProject
		{0002B3E7-C2D7-4D73-8691-5E7CBDB6B2BA} = {0002B3E7-C2D7-4D73-8691-5E7CBDB6B2BA}
		{4741A7AF-F388-49B0-BF91-5B8ABF5A21CF} = {4741A7AF-F388-49B0-BF91-5B8ABF5A21CF}
		{6292CAE1-5A62-4EC0-B1A3-450DC1E96592} = {6292CAE1-5A62-4EC0-B1A3-450DC1E96592}
		{92D4F1F4-D77A-48A3-8165-227348C13E2E} = {92D4F1F4-D77A-48A3-8165-227348C13E2E}
		{96562E67-0804-49B0-A54B-F635DC388352} = {96562E67-0804-49B0-A54B-F635DC388352}
	EndProjectSection
EndProject
Project("{FAE04EC0-301F-11D3-BF4B-00C04F79EFBC}") = "Partlyx.ViewModels", "Partlyx.ViewModels\Partlyx.ViewModels.csproj", "{0002B3E7-C2D7-4D73-8691-5E7CBDB6B2BA}"
	ProjectSection(ProjectDependencies) = postProject
		{4741A7AF-F388-49B0-BF91-5B8ABF5A21CF} = {4741A7AF-F388-49B0-BF91-5B8ABF5A21CF}
		{92D4F1F4-D77A-48A3-8165-227348C13E2E} = {92D4F1F4-D77A-48A3-8165-227348C13E2E}
	EndProjectSection
EndProject
Project("{FAE04EC0-301F-11D3-BF4B-00C04F79EFBC}") = "Partlyx.UI.Avalonia", "Partlyx.UI.Avalonia\Partlyx.UI.Avalonia.csproj", "{96562E67-0804-49B0-A54B-F635DC388352}"
	ProjectSection(ProjectDependencies) = postProject
		{0002B3E7-C2D7-4D73-8691-5E7CBDB6B2BA} = {0002B3E7-C2D7-4D73-8691-5E7CBDB6B2BA}
	EndProjectSection
EndProject
Global
	GlobalSection(SolutionConfigurationPlatforms) = preSolution
		Debug|Any CPU = Debug|Any CPU
		Release|Any CPU = Release|Any CPU
	EndGlobalSection
	GlobalSection(ProjectConfigurationPlatforms) = postSolution
		{92D4F1F4-D77A-48A3-8165-227348C13E2E}.Debug|Any CPU.ActiveCfg = Debug|Any CPU
		{92D4F1F4-D77A-48A3-8165-227348C13E2E}.Debug|Any CPU.Build.0 = Debug|Any CPU
		{92D4F1F4-D77A-48A3-8165-227348C13E2E}.Release|Any CPU.ActiveCfg = Release|Any CPU
		{92D4F1F4-D77A-48A3-8165-227348C13E2E}.Release|Any CPU.Build.0 = Release|Any CPU
		{6292CAE1-5A62-4EC0-B1A3-450DC1E96592}.Debug|Any CPU.ActiveCfg = Debug|Any CPU
		{6292CAE1-5A62-4EC0-B1A3-450DC1E96592}.Debug|Any CPU.Build.0 = Debug|Any CPU
		{6292CAE1-5A62-4EC0-B1A3-450DC1E96592}.Release|Any CPU.ActiveCfg = Release|Any CPU
		{6292CAE1-5A62-4EC0-B1A3-450DC1E96592}.Release|Any CPU.Build.0 = Release|Any CPU
		{4741A7AF-F388-49B0-BF91-5B8ABF5A21CF}.Debug|Any CPU.ActiveCfg = Debug|Any CPU
		{4741A7AF-F388-49B0-BF91-5B8ABF5A21CF}.Debug|Any CPU.Build.0 = Debug|Any CPU
		{4741A7AF-F388-49B0-BF91-5B8ABF5A21CF}.Release|Any CPU.ActiveCfg = Release|Any CPU
		{4741A7AF-F388-49B0-BF91-5B8ABF5A21CF}.Release|Any CPU.Build.0 = Release|Any CPU
		{BB7D1FD9-EF53-43BB-9E9A-C768E7791CFF}.Debug|Any CPU.ActiveCfg = Debug|Any CPU
		{BB7D1FD9-EF53-43BB-9E9A-C768E7791CFF}.Debug|Any CPU.Build.0 = Debug|Any CPU
		{BB7D1FD9-EF53-43BB-9E9A-C768E7791CFF}.Release|Any CPU.ActiveCfg = Release|Any CPU
		{BB7D1FD9-EF53-43BB-9E9A-C768E7791CFF}.Release|Any CPU.Build.0 = Release|Any CPU
		{0002B3E7-C2D7-4D73-8691-5E7CBDB6B2BA}.Debug|Any CPU.ActiveCfg = Debug|Any CPU
		{0002B3E7-C2D7-4D73-8691-5E7CBDB6B2BA}.Debug|Any CPU.Build.0 = Debug|Any CPU
		{0002B3E7-C2D7-4D73-8691-5E7CBDB6B2BA}.Release|Any CPU.ActiveCfg = Release|Any CPU
		{0002B3E7-C2D7-4D73-8691-5E7CBDB6B2BA}.Release|Any CPU.Build.0 = Release|Any CPU
		{96562E67-0804-49B0-A54B-F635DC388352}.Debug|Any CPU.ActiveCfg = Debug|Any CPU
		{96562E67-0804-49B0-A54B-F635DC388352}.Debug|Any CPU.Build.0 = Debug|Any CPU
		{96562E67-0804-49B0-A54B-F635DC388352}.Release|Any CPU.ActiveCfg = Release|Any CPU
		{96562E67-0804-49B0-A54B-F635DC388352}.Release|Any CPU.Build.0 = Release|Any CPU
	EndGlobalSection
	GlobalSection(SolutionProperties) = preSolution
		HideSolutionNode = FALSE
	EndGlobalSection
	GlobalSection(ExtensibilityGlobals) = postSolution
		SolutionGuid = {A4452EAA-25B5-4617-BA84-BF0F081FEF0C}
	EndGlobalSection
EndGlobal
